
Microsoft Visual Studio Solution File, Format Version 12.00
# Visual Studio Version 16
VisualStudioVersion = 16.0.31515.178
MinimumVisualStudioVersion = 10.0.40219.1
Project("{FAE04EC0-301F-11D3-BF4B-00C04F79EFBC}") = "Otobus_Bilet_Uygulamasi", "Otobus_Bilet_Uygulamasi\Otobus_Bilet_Uygulamasi.csproj", "{7F6F6149-3124-4D4B-99BD-8A2418ECF4CB}"
EndProject
Global
	GlobalSection(SolutionConfigurationPlatforms) = preSolution
		Debug|Any CPU = Debug|Any CPU
		Release|Any CPU = Release|Any CPU
	EndGlobalSection
	GlobalSection(ProjectConfigurationPlatforms) = postSolution
		{7F6F6149-3124-4D4B-99BD-8A2418ECF4CB}.Debug|Any CPU.ActiveCfg = Debug|Any CPU
		{7F6F6149-3124-4D4B-99BD-8A2418ECF4CB}.Debug|Any CPU.Build.0 = Debug|Any CPU
		{7F6F6149-3124-4D4B-99BD-8A2418ECF4CB}.Release|Any CPU.ActiveCfg = Release|Any CPU
		{7F6F6149-3124-4D4B-99BD-8A2418ECF4CB}.Release|Any CPU.Build.0 = Release|Any CPU
	EndGlobalSection
	GlobalSection(SolutionProperties) = preSolution
		HideSolutionNode = FALSE
	EndGlobalSection
	GlobalSection(ExtensibilityGlobals) = postSolution
		SolutionGuid = {520C0AC0-8EFB-4B0B-9D1F-EAB0664DBE3C}
	EndGlobalSection
EndGlobal
